
Microsoft Visual Studio Solution File, Format Version 12.00
# Visual Studio Version 17
VisualStudioVersion = 17.6.33815.320
MinimumVisualStudioVersion = 10.0.40219.1
Project("{F184B08F-C81C-45F6-A57F-5ABD9991F28F}") = "Taller_2_Nicolas_Sergio", "Taller_2_Nicolas_Sergio\Taller_2_Nicolas_Sergio.vbproj", "{6D95C98C-DEF4-475E-9811-18A64FF5628C}"
EndProject
Global
	GlobalSection(SolutionConfigurationPlatforms) = preSolution
		Debug|Any CPU = Debug|Any CPU
		Release|Any CPU = Release|Any CPU
	EndGlobalSection
	GlobalSection(ProjectConfigurationPlatforms) = postSolution
		{6D95C98C-DEF4-475E-9811-18A64FF5628C}.Debug|Any CPU.ActiveCfg = Debug|Any CPU
		{6D95C98C-DEF4-475E-9811-18A64FF5628C}.Debug|Any CPU.Build.0 = Debug|Any CPU
		{6D95C98C-DEF4-475E-9811-18A64FF5628C}.Release|Any CPU.ActiveCfg = Release|Any CPU
		{6D95C98C-DEF4-475E-9811-18A64FF5628C}.Release|Any CPU.Build.0 = Release|Any CPU
	EndGlobalSection
	GlobalSection(SolutionProperties) = preSolution
		HideSolutionNode = FALSE
	EndGlobalSection
	GlobalSection(ExtensibilityGlobals) = postSolution
		SolutionGuid = {ACFE87A1-314C-4287-B86E-1E5A128FAF7E}
	EndGlobalSection
EndGlobal
